
Microsoft Visual Studio Solution File, Format Version 12.00
# Visual Studio 15
VisualStudioVersion = 15.0.27703.2035
MinimumVisualStudioVersion = 10.0.40219.1
Project("{FAE04EC0-301F-11D3-BF4B-00C04F79EFBC}") = "Minsa.VPA", "Minsa.VPA\Minsa.VPA.csproj", "{AF29327E-0BBD-41A2-9DA3-8AD3A5FF4774}"
EndProject
Global
	GlobalSection(SolutionConfigurationPlatforms) = preSolution
		Debug|Any CPU = Debug|Any CPU
		Release|Any CPU = Release|Any CPU
	EndGlobalSection
	GlobalSection(ProjectConfigurationPlatforms) = postSolution
		{AF29327E-0BBD-41A2-9DA3-8AD3A5FF4774}.Debug|Any CPU.ActiveCfg = Debug|Any CPU
		{AF29327E-0BBD-41A2-9DA3-8AD3A5FF4774}.Debug|Any CPU.Build.0 = Debug|Any CPU
		{AF29327E-0BBD-41A2-9DA3-8AD3A5FF4774}.Debug|Any CPU.Deploy.0 = Debug|Any CPU
		{AF29327E-0BBD-41A2-9DA3-8AD3A5FF4774}.Release|Any CPU.ActiveCfg = Release|Any CPU
		{AF29327E-0BBD-41A2-9DA3-8AD3A5FF4774}.Release|Any CPU.Build.0 = Release|Any CPU
		{AF29327E-0BBD-41A2-9DA3-8AD3A5FF4774}.Release|Any CPU.Deploy.0 = Release|Any CPU
	EndGlobalSection
	GlobalSection(SolutionProperties) = preSolution
		HideSolutionNode = FALSE
	EndGlobalSection
	GlobalSection(ExtensibilityGlobals) = postSolution
		SolutionGuid = {AA7351C0-020A-4703-8EF5-B9759A81EADB}
	EndGlobalSection
EndGlobal
